
Microsoft Visual Studio Solution File, Format Version 12.00
# Visual Studio Version 17
VisualStudioVersion = 17.13.35931.197 d17.13
MinimumVisualStudioVersion = 10.0.40219.1
Project("{FAE04EC0-301F-11D3-BF4B-00C04F79EFBC}") = "CarSalesAi", "CarSalesAi.csproj", "{DB175FE3-5E22-4C43-8DF7-E15F8EF896D4}"
EndProject
Global
	GlobalSection(SolutionConfigurationPlatforms) = preSolution
		Debug|Any CPU = Debug|Any CPU
		Release|Any CPU = Release|Any CPU
	EndGlobalSection
	GlobalSection(ProjectConfigurationPlatforms) = postSolution
		{DB175FE3-5E22-4C43-8DF7-E15F8EF896D4}.Debug|Any CPU.ActiveCfg = Debug|Any CPU
		{DB175FE3-5E22-4C43-8DF7-E15F8EF896D4}.Debug|Any CPU.Build.0 = Debug|Any CPU
		{DB175FE3-5E22-4C43-8DF7-E15F8EF896D4}.Release|Any CPU.ActiveCfg = Release|Any CPU
		{DB175FE3-5E22-4C43-8DF7-E15F8EF896D4}.Release|Any CPU.Build.0 = Release|Any CPU
	EndGlobalSection
	GlobalSection(SolutionProperties) = preSolution
		HideSolutionNode = FALSE
	EndGlobalSection
	GlobalSection(ExtensibilityGlobals) = postSolution
		SolutionGuid = {EA761352-42AE-4648-BE62-984AA213BA6B}
	EndGlobalSection
EndGlobal
