
Microsoft Visual Studio Solution File, Format Version 12.00
# Visual Studio Version 17
VisualStudioVersion = 17.13.35931.197 d17.13
MinimumVisualStudioVersion = 10.0.40219.1
Project("{FAE04EC0-301F-11D3-BF4B-00C04F79EFBC}") = "StudentRecods", "StudentRecods.csproj", "{0C6AC4BA-A7F7-4A4B-93C0-EF930B3C6898}"
EndProject
Global
	GlobalSection(SolutionConfigurationPlatforms) = preSolution
		Debug|Any CPU = Debug|Any CPU
		Release|Any CPU = Release|Any CPU
	EndGlobalSection
	GlobalSection(ProjectConfigurationPlatforms) = postSolution
		{0C6AC4BA-A7F7-4A4B-93C0-EF930B3C6898}.Debug|Any CPU.ActiveCfg = Debug|Any CPU
		{0C6AC4BA-A7F7-4A4B-93C0-EF930B3C6898}.Debug|Any CPU.Build.0 = Debug|Any CPU
		{0C6AC4BA-A7F7-4A4B-93C0-EF930B3C6898}.Release|Any CPU.ActiveCfg = Release|Any CPU
		{0C6AC4BA-A7F7-4A4B-93C0-EF930B3C6898}.Release|Any CPU.Build.0 = Release|Any CPU
	EndGlobalSection
	GlobalSection(SolutionProperties) = preSolution
		HideSolutionNode = FALSE
	EndGlobalSection
	GlobalSection(ExtensibilityGlobals) = postSolution
		SolutionGuid = {740AA4BA-FACD-474B-B1D4-4CF20AC24887}
	EndGlobalSection
EndGlobal
